// !$*UTF8*$!
{
	archiveVersion = 1;
	classes = {
	};
	objectVersion = 46;
	objects = {

/* Begin PBXBuildFile section */
		2D2CC93D1C4D461E00571F5B /* Haneke.framework in CopyFiles */ = {isa = PBXBuildFile; fileRef = 2D2CC9331C4D45D800571F5B /* Haneke.framework */; settings = {ATTRIBUTES = (CodeSignOnCopy, RemoveHeadersOnCopy, ); }; };
		2D556B531C41C1D5001BF3B4 /* Bolts.framework in Frameworks */ = {isa = PBXBuildFile; fileRef = 2D556B511C41C1D5001BF3B4 /* Bolts.framework */; };
		2D556B541C41C1D5001BF3B4 /* Parse.framework in Frameworks */ = {isa = PBXBuildFile; fileRef = 2D556B521C41C1D5001BF3B4 /* Parse.framework */; };
		2D556B561C41C1FD001BF3B4 /* AudioToolbox.framework in Frameworks */ = {isa = PBXBuildFile; fileRef = 2D556B551C41C1FD001BF3B4 /* AudioToolbox.framework */; };
		2D556B581C41C202001BF3B4 /* CFNetwork.framework in Frameworks */ = {isa = PBXBuildFile; fileRef = 2D556B571C41C202001BF3B4 /* CFNetwork.framework */; };
		2D556B5A1C41C209001BF3B4 /* CoreGraphics.framework in Frameworks */ = {isa = PBXBuildFile; fileRef = 2D556B591C41C209001BF3B4 /* CoreGraphics.framework */; };
		2D556B5C1C41C221001BF3B4 /* QuartzCore.framework in Frameworks */ = {isa = PBXBuildFile; fileRef = 2D556B5B1C41C221001BF3B4 /* QuartzCore.framework */; };
		2D556B5E1C41C227001BF3B4 /* Security.framework in Frameworks */ = {isa = PBXBuildFile; fileRef = 2D556B5D1C41C227001BF3B4 /* Security.framework */; };
		2D556B601C41C22D001BF3B4 /* StoreKit.framework in Frameworks */ = {isa = PBXBuildFile; fileRef = 2D556B5F1C41C22D001BF3B4 /* StoreKit.framework */; };
		2D556B621C41C238001BF3B4 /* SystemConfiguration.framework in Frameworks */ = {isa = PBXBuildFile; fileRef = 2D556B611C41C238001BF3B4 /* SystemConfiguration.framework */; };
		2D556B641C41C240001BF3B4 /* libz.tbd in Frameworks */ = {isa = PBXBuildFile; fileRef = 2D556B631C41C240001BF3B4 /* libz.tbd */; };
		2D556B661C41C249001BF3B4 /* libsqlite3.tbd in Frameworks */ = {isa = PBXBuildFile; fileRef = 2D556B651C41C249001BF3B4 /* libsqlite3.tbd */; };
		2D556B681C41C253001BF3B4 /* Accounts.framework in Frameworks */ = {isa = PBXBuildFile; fileRef = 2D556B671C41C253001BF3B4 /* Accounts.framework */; };
		2D556B6A1C41C259001BF3B4 /* Social.framework in Frameworks */ = {isa = PBXBuildFile; fileRef = 2D556B691C41C259001BF3B4 /* Social.framework */; };
		2D556B6C1C41D1E7001BF3B4 /* Launch.storyboard in Resources */ = {isa = PBXBuildFile; fileRef = 2D556B6B1C41D1E7001BF3B4 /* Launch.storyboard */; };
		2D59EFE21C4D610E009A20FF /* iAd.framework in Frameworks */ = {isa = PBXBuildFile; fileRef = 2D59EFE11C4D610E009A20FF /* iAd.framework */; };
		2D59EFE41C4D6B48009A20FF /* SettingsTableViewController.swift in Sources */ = {isa = PBXBuildFile; fileRef = 2D59EFE31C4D6B48009A20FF /* SettingsTableViewController.swift */; };
		2D5EFA741C4DA76A00B7D22A /* Reachability.swift in Sources */ = {isa = PBXBuildFile; fileRef = 2D5EFA731C4DA76A00B7D22A /* Reachability.swift */; };
		2D632F391C40294C005C6DE1 /* AppDelegate.swift in Sources */ = {isa = PBXBuildFile; fileRef = 2D632F381C40294C005C6DE1 /* AppDelegate.swift */; };
		2D632F3B1C40294C005C6DE1 /* AllStoriesViewController.swift in Sources */ = {isa = PBXBuildFile; fileRef = 2D632F3A1C40294C005C6DE1 /* AllStoriesViewController.swift */; };
		2D632F3E1C40294C005C6DE1 /* Main.storyboard in Resources */ = {isa = PBXBuildFile; fileRef = 2D632F3C1C40294C005C6DE1 /* Main.storyboard */; };
		2D632F401C40294C005C6DE1 /* Assets.xcassets in Resources */ = {isa = PBXBuildFile; fileRef = 2D632F3F1C40294C005C6DE1 /* Assets.xcassets */; };
		2D632F4B1C4031F6005C6DE1 /* Stories.swift in Sources */ = {isa = PBXBuildFile; fileRef = 2D632F4A1C4031F6005C6DE1 /* Stories.swift */; };
		2D632F4F1C40448C005C6DE1 /* ViewStoryViewController.swift in Sources */ = {isa = PBXBuildFile; fileRef = 2D632F4E1C40448C005C6DE1 /* ViewStoryViewController.swift */; };
		2DFCD5C91C4CEF23005E9388 /* SwiftRegex.swift in Sources */ = {isa = PBXBuildFile; fileRef = 2DFCD5C81C4CEF23005E9388 /* SwiftRegex.swift */; };
		2DFFEC851C43B9DE0002F283 /* style.css in Resources */ = {isa = PBXBuildFile; fileRef = 2DFFEC841C43B9DE0002F283 /* style.css */; };
/* End PBXBuildFile section */

/* Begin PBXContainerItemProxy section */
		2D2CC9321C4D45D800571F5B /* PBXContainerItemProxy */ = {
			isa = PBXContainerItemProxy;
			containerPortal = 2D2CC92B1C4D45D800571F5B /* Haneke.xcodeproj */;
			proxyType = 2;
			remoteGlobalIDString = A095C9561980418C00CD0F4C;
			remoteInfo = "Haneke-iOS";
		};
		2D2CC9341C4D45D800571F5B /* PBXContainerItemProxy */ = {
			isa = PBXContainerItemProxy;
			containerPortal = 2D2CC92B1C4D45D800571F5B /* Haneke.xcodeproj */;
			proxyType = 2;
			remoteGlobalIDString = 6393C5F71C3B229200EB1FD8;
			remoteInfo = "Haneke-tvOS";
		};
		2D2CC9361C4D45D800571F5B /* PBXContainerItemProxy */ = {
			isa = PBXContainerItemProxy;
			containerPortal = 2D2CC92B1C4D45D800571F5B /* Haneke.xcodeproj */;
			proxyType = 2;
			remoteGlobalIDString = A095C9611980418C00CD0F4C;
			remoteInfo = HanekeTests;
		};
		2D2CC9381C4D45D800571F5B /* PBXContainerItemProxy */ = {
			isa = PBXContainerItemProxy;
			containerPortal = 2D2CC92B1C4D45D800571F5B /* Haneke.xcodeproj */;
			proxyType = 2;
			remoteGlobalIDString = A0026E9A19C9BFBC004DE0C6;
			remoteInfo = HanekeDemo;
		};
		2D2CC93A1C4D45FD00571F5B /* PBXContainerItemProxy */ = {
			isa = PBXContainerItemProxy;
			containerPortal = 2D2CC92B1C4D45D800571F5B /* Haneke.xcodeproj */;
			proxyType = 1;
			remoteGlobalIDString = A095C9551980418C00CD0F4C;
			remoteInfo = "Haneke-iOS";
		};
/* End PBXContainerItemProxy section */

/* Begin PBXCopyFilesBuildPhase section */
		2D2CC93C1C4D460C00571F5B /* CopyFiles */ = {
			isa = PBXCopyFilesBuildPhase;
			buildActionMask = 2147483647;
			dstPath = "";
			dstSubfolderSpec = 10;
			files = (
				2D2CC93D1C4D461E00571F5B /* Haneke.framework in CopyFiles */,
			);
			runOnlyForDeploymentPostprocessing = 0;
		};
/* End PBXCopyFilesBuildPhase section */

/* Begin PBXFileReference section */
		2D2CC92B1C4D45D800571F5B /* Haneke.xcodeproj */ = {isa = PBXFileReference; lastKnownFileType = "wrapper.pb-project"; name = Haneke.xcodeproj; path = "../../../Downloads/HanekeSwift-master/Haneke.xcodeproj"; sourceTree = "<group>"; };
		2D556B511C41C1D5001BF3B4 /* Bolts.framework */ = {isa = PBXFileReference; lastKnownFileType = wrapper.framework; path = Bolts.framework; sourceTree = "<group>"; };
		2D556B521C41C1D5001BF3B4 /* Parse.framework */ = {isa = PBXFileReference; lastKnownFileType = wrapper.framework; path = Parse.framework; sourceTree = "<group>"; };
		2D556B551C41C1FD001BF3B4 /* AudioToolbox.framework */ = {isa = PBXFileReference; lastKnownFileType = wrapper.framework; name = AudioToolbox.framework; path = System/Library/Frameworks/AudioToolbox.framework; sourceTree = SDKROOT; };
		2D556B571C41C202001BF3B4 /* CFNetwork.framework */ = {isa = PBXFileReference; lastKnownFileType = wrapper.framework; name = CFNetwork.framework; path = System/Library/Frameworks/CFNetwork.framework; sourceTree = SDKROOT; };
		2D556B591C41C209001BF3B4 /* CoreGraphics.framework */ = {isa = PBXFileReference; lastKnownFileType = wrapper.framework; name = CoreGraphics.framework; path = System/Library/Frameworks/CoreGraphics.framework; sourceTree = SDKROOT; };
		2D556B5B1C41C221001BF3B4 /* QuartzCore.framework */ = {isa = PBXFileReference; lastKnownFileType = wrapper.framework; name = QuartzCore.framework; path = System/Library/Frameworks/QuartzCore.framework; sourceTree = SDKROOT; };
		2D556B5D1C41C227001BF3B4 /* Security.framework */ = {isa = PBXFileReference; lastKnownFileType = wrapper.framework; name = Security.framework; path = System/Library/Frameworks/Security.framework; sourceTree = SDKROOT; };
		2D556B5F1C41C22D001BF3B4 /* StoreKit.framework */ = {isa = PBXFileReference; lastKnownFileType = wrapper.framework; name = StoreKit.framework; path = System/Library/Frameworks/StoreKit.framework; sourceTree = SDKROOT; };
		2D556B611C41C238001BF3B4 /* SystemConfiguration.framework */ = {isa = PBXFileReference; lastKnownFileType = wrapper.framework; name = SystemConfiguration.framework; path = System/Library/Frameworks/SystemConfiguration.framework; sourceTree = SDKROOT; };
		2D556B631C41C240001BF3B4 /* libz.tbd */ = {isa = PBXFileReference; lastKnownFileType = "sourcecode.text-based-dylib-definition"; name = libz.tbd; path = usr/lib/libz.tbd; sourceTree = SDKROOT; };
		2D556B651C41C249001BF3B4 /* libsqlite3.tbd */ = {isa = PBXFileReference; lastKnownFileType = "sourcecode.text-based-dylib-definition"; name = libsqlite3.tbd; path = usr/lib/libsqlite3.tbd; sourceTree = SDKROOT; };
		2D556B671C41C253001BF3B4 /* Accounts.framework */ = {isa = PBXFileReference; lastKnownFileType = wrapper.framework; name = Accounts.framework; path = System/Library/Frameworks/Accounts.framework; sourceTree = SDKROOT; };
		2D556B691C41C259001BF3B4 /* Social.framework */ = {isa = PBXFileReference; lastKnownFileType = wrapper.framework; name = Social.framework; path = System/Library/Frameworks/Social.framework; sourceTree = SDKROOT; };
		2D556B6B1C41D1E7001BF3B4 /* Launch.storyboard */ = {isa = PBXFileReference; fileEncoding = 4; lastKnownFileType = file.storyboard; path = Launch.storyboard; sourceTree = "<group>"; };
		2D59EFE11C4D610E009A20FF /* iAd.framework */ = {isa = PBXFileReference; lastKnownFileType = wrapper.framework; name = iAd.framework; path = System/Library/Frameworks/iAd.framework; sourceTree = SDKROOT; };
		2D59EFE31C4D6B48009A20FF /* SettingsTableViewController.swift */ = {isa = PBXFileReference; fileEncoding = 4; lastKnownFileType = sourcecode.swift; path = SettingsTableViewController.swift; sourceTree = "<group>"; };
		2D5E72A41C44EEAC0031BDCB /* EFC News.entitlements */ = {isa = PBXFileReference; lastKnownFileType = text.xml; path = "EFC News.entitlements"; sourceTree = "<group>"; };
		2D5EFA731C4DA76A00B7D22A /* Reachability.swift */ = {isa = PBXFileReference; fileEncoding = 4; lastKnownFileType = sourcecode.swift; path = Reachability.swift; sourceTree = "<group>"; };
		2D632F351C40294C005C6DE1 /* EFC News.app */ = {isa = PBXFileReference; explicitFileType = wrapper.application; includeInIndex = 0; path = "EFC News.app"; sourceTree = BUILT_PRODUCTS_DIR; };
		2D632F381C40294C005C6DE1 /* AppDelegate.swift */ = {isa = PBXFileReference; lastKnownFileType = sourcecode.swift; path = AppDelegate.swift; sourceTree = "<group>"; };
		2D632F3A1C40294C005C6DE1 /* AllStoriesViewController.swift */ = {isa = PBXFileReference; lastKnownFileType = sourcecode.swift; path = AllStoriesViewController.swift; sourceTree = "<group>"; };
		2D632F3D1C40294C005C6DE1 /* Base */ = {isa = PBXFileReference; lastKnownFileType = file.storyboard; name = Base; path = Base.lproj/Main.storyboard; sourceTree = "<group>"; };
		2D632F3F1C40294C005C6DE1 /* Assets.xcassets */ = {isa = PBXFileReference; lastKnownFileType = folder.assetcatalog; path = Assets.xcassets; sourceTree = "<group>"; };
		2D632F441C40294C005C6DE1 /* Info.plist */ = {isa = PBXFileReference; lastKnownFileType = text.plist.xml; path = Info.plist; sourceTree = "<group>"; };
		2D632F4A1C4031F6005C6DE1 /* Stories.swift */ = {isa = PBXFileReference; fileEncoding = 4; lastKnownFileType = sourcecode.swift; path = Stories.swift; sourceTree = "<group>"; };
		2D632F4E1C40448C005C6DE1 /* ViewStoryViewController.swift */ = {isa = PBXFileReference; fileEncoding = 4; lastKnownFileType = sourcecode.swift; path = ViewStoryViewController.swift; sourceTree = "<group>"; };
		2DFCD5C81C4CEF23005E9388 /* SwiftRegex.swift */ = {isa = PBXFileReference; fileEncoding = 4; lastKnownFileType = sourcecode.swift; path = SwiftRegex.swift; sourceTree = "<group>"; };
		2DFFEC841C43B9DE0002F283 /* style.css */ = {isa = PBXFileReference; fileEncoding = 4; lastKnownFileType = text.css; path = style.css; sourceTree = "<group>"; };
/* End PBXFileReference section */

/* Begin PBXFrameworksBuildPhase section */
		2D632F321C40294C005C6DE1 /* Frameworks */ = {
			isa = PBXFrameworksBuildPhase;
			buildActionMask = 2147483647;
			files = (
				2D59EFE21C4D610E009A20FF /* iAd.framework in Frameworks */,
				2D556B6A1C41C259001BF3B4 /* Social.framework in Frameworks */,
				2D556B681C41C253001BF3B4 /* Accounts.framework in Frameworks */,
				2D556B661C41C249001BF3B4 /* libsqlite3.tbd in Frameworks */,
				2D556B641C41C240001BF3B4 /* libz.tbd in Frameworks */,
				2D556B621C41C238001BF3B4 /* SystemConfiguration.framework in Frameworks */,
				2D556B601C41C22D001BF3B4 /* StoreKit.framework in Frameworks */,
				2D556B5E1C41C227001BF3B4 /* Security.framework in Frameworks */,
				2D556B5C1C41C221001BF3B4 /* QuartzCore.framework in Frameworks */,
				2D556B5A1C41C209001BF3B4 /* CoreGraphics.framework in Frameworks */,
				2D556B581C41C202001BF3B4 /* CFNetwork.framework in Frameworks */,
				2D556B561C41C1FD001BF3B4 /* AudioToolbox.framework in Frameworks */,
				2D556B541C41C1D5001BF3B4 /* Parse.framework in Frameworks */,
				2D556B531C41C1D5001BF3B4 /* Bolts.framework in Frameworks */,
			);
			runOnlyForDeploymentPostprocessing = 0;
		};
/* End PBXFrameworksBuildPhase section */

/* Begin PBXGroup section */
		2D2CC92C1C4D45D800571F5B /* Products */ = {
			isa = PBXGroup;
			children = (
				2D2CC9331C4D45D800571F5B /* Haneke.framework */,
				2D2CC9351C4D45D800571F5B /* Haneke.framework */,
				2D2CC9371C4D45D800571F5B /* HanekeTests.xctest */,
				2D2CC9391C4D45D800571F5B /* HanekeDemo.app */,
			);
			name = Products;
			sourceTree = "<group>";
		};
		2D556B501C41C1C3001BF3B4 /* Frameworks */ = {
			isa = PBXGroup;
			children = (
				2D59EFE11C4D610E009A20FF /* iAd.framework */,
				2D556B691C41C259001BF3B4 /* Social.framework */,
				2D556B671C41C253001BF3B4 /* Accounts.framework */,
				2D556B651C41C249001BF3B4 /* libsqlite3.tbd */,
				2D556B631C41C240001BF3B4 /* libz.tbd */,
				2D556B611C41C238001BF3B4 /* SystemConfiguration.framework */,
				2D556B5F1C41C22D001BF3B4 /* StoreKit.framework */,
				2D556B5D1C41C227001BF3B4 /* Security.framework */,
				2D556B5B1C41C221001BF3B4 /* QuartzCore.framework */,
				2D556B591C41C209001BF3B4 /* CoreGraphics.framework */,
				2D556B571C41C202001BF3B4 /* CFNetwork.framework */,
				2D556B551C41C1FD001BF3B4 /* AudioToolbox.framework */,
				2D556B511C41C1D5001BF3B4 /* Bolts.framework */,
				2D556B521C41C1D5001BF3B4 /* Parse.framework */,
			);
			name = Frameworks;
			sourceTree = "<group>";
		};
		2D632F2C1C40294C005C6DE1 = {
			isa = PBXGroup;
			children = (
				2D556B501C41C1C3001BF3B4 /* Frameworks */,
				2D632F371C40294C005C6DE1 /* EvertonNewsApp */,
				2D632F361C40294C005C6DE1 /* Products */,
				2D2CC92B1C4D45D800571F5B /* Haneke.xcodeproj */,
			);
			sourceTree = "<group>";
		};
		2D632F361C40294C005C6DE1 /* Products */ = {
			isa = PBXGroup;
			children = (
				2D632F351C40294C005C6DE1 /* EFC News.app */,
			);
			name = Products;
			sourceTree = "<group>";
		};
		2D632F371C40294C005C6DE1 /* EvertonNewsApp */ = {
			isa = PBXGroup;
			children = (
				2DFCD5C81C4CEF23005E9388 /* SwiftRegex.swift */,
				2D5E72A41C44EEAC0031BDCB /* EFC News.entitlements */,
				2DFFEC841C43B9DE0002F283 /* style.css */,
				2D632F381C40294C005C6DE1 /* AppDelegate.swift */,
				2D632F3A1C40294C005C6DE1 /* AllStoriesViewController.swift */,
				2D632F3C1C40294C005C6DE1 /* Main.storyboard */,
				2D632F3F1C40294C005C6DE1 /* Assets.xcassets */,
				2D632F441C40294C005C6DE1 /* Info.plist */,
				2D632F4A1C4031F6005C6DE1 /* Stories.swift */,
				2D632F4E1C40448C005C6DE1 /* ViewStoryViewController.swift */,
				2D556B6B1C41D1E7001BF3B4 /* Launch.storyboard */,
				2D59EFE31C4D6B48009A20FF /* SettingsTableViewController.swift */,
				2D5EFA731C4DA76A00B7D22A /* Reachability.swift */,
			);
			path = EvertonNewsApp;
			sourceTree = "<group>";
		};
/* End PBXGroup section */

/* Begin PBXNativeTarget section */
		2D632F341C40294C005C6DE1 /* EvertonNewsApp */ = {
			isa = PBXNativeTarget;
			buildConfigurationList = 2D632F471C40294C005C6DE1 /* Build configuration list for PBXNativeTarget "EvertonNewsApp" */;
			buildPhases = (
				2D632F311C40294C005C6DE1 /* Sources */,
				2D632F321C40294C005C6DE1 /* Frameworks */,
				2D632F331C40294C005C6DE1 /* Resources */,
				2D2CC93C1C4D460C00571F5B /* CopyFiles */,
			);
			buildRules = (
			);
			dependencies = (
				2D2CC93B1C4D45FD00571F5B /* PBXTargetDependency */,
			);
			name = EvertonNewsApp;
			productName = EvertonNewsApp;
			productReference = 2D632F351C40294C005C6DE1 /* EFC News.app */;
			productType = "com.apple.product-type.application";
		};
/* End PBXNativeTarget section */

/* Begin PBXProject section */
		2D632F2D1C40294C005C6DE1 /* Project object */ = {
			isa = PBXProject;
			attributes = {
				LastSwiftUpdateCheck = 0720;
				LastUpgradeCheck = 0720;
				ORGANIZATIONNAME = "Dan Taylor";
				TargetAttributes = {
					2D632F341C40294C005C6DE1 = {
						CreatedOnToolsVersion = 7.2;
						DevelopmentTeam = 7AVF29Q8GU;
						SystemCapabilities = {
							com.apple.Push = {
								enabled = 1;
							};
							com.apple.SafariKeychain = {
								enabled = 0;
							};
						};
					};
				};
			};
			buildConfigurationList = 2D632F301C40294C005C6DE1 /* Build configuration list for PBXProject "EvertonNewsApp" */;
			compatibilityVersion = "Xcode 3.2";
			developmentRegion = English;
			hasScannedForEncodings = 0;
			knownRegions = (
				en,
				Base,
			);
			mainGroup = 2D632F2C1C40294C005C6DE1;
			productRefGroup = 2D632F361C40294C005C6DE1 /* Products */;
			projectDirPath = "";
			projectReferences = (
				{
					ProductGroup = 2D2CC92C1C4D45D800571F5B /* Products */;
					ProjectRef = 2D2CC92B1C4D45D800571F5B /* Haneke.xcodeproj */;
				},
			);
			projectRoot = "";
			targets = (
				2D632F341C40294C005C6DE1 /* EvertonNewsApp */,
			);
		};
/* End PBXProject section */

/* Begin PBXReferenceProxy section */
		2D2CC9331C4D45D800571F5B /* Haneke.framework */ = {
			isa = PBXReferenceProxy;
			fileType = wrapper.framework;
			path = Haneke.framework;
			remoteRef = 2D2CC9321C4D45D800571F5B /* PBXContainerItemProxy */;
			sourceTree = BUILT_PRODUCTS_DIR;
		};
		2D2CC9351C4D45D800571F5B /* Haneke.framework */ = {
			isa = PBXReferenceProxy;
			fileType = wrapper.framework;
			path = Haneke.framework;
			remoteRef = 2D2CC9341C4D45D800571F5B /* PBXContainerItemProxy */;
			sourceTree = BUILT_PRODUCTS_DIR;
		};
		2D2CC9371C4D45D800571F5B /* HanekeTests.xctest */ = {
			isa = PBXReferenceProxy;
			fileType = wrapper.cfbundle;
			path = HanekeTests.xctest;
			remoteRef = 2D2CC9361C4D45D800571F5B /* PBXContainerItemProxy */;
			sourceTree = BUILT_PRODUCTS_DIR;
		};
		2D2CC9391C4D45D800571F5B /* HanekeDemo.app */ = {
			isa = PBXReferenceProxy;
			fileType = wrapper.application;
			path = HanekeDemo.app;
			remoteRef = 2D2CC9381C4D45D800571F5B /* PBXContainerItemProxy */;
			sourceTree = BUILT_PRODUCTS_DIR;
		};
/* End PBXReferenceProxy section */

/* Begin PBXResourcesBuildPhase section */
		2D632F331C40294C005C6DE1 /* Resources */ = {
			isa = PBXResourcesBuildPhase;
			buildActionMask = 2147483647;
			files = (
				2D632F401C40294C005C6DE1 /* Assets.xcassets in Resources */,
				2DFFEC851C43B9DE0002F283 /* style.css in Resources */,
				2D632F3E1C40294C005C6DE1 /* Main.storyboard in Resources */,
				2D556B6C1C41D1E7001BF3B4 /* Launch.storyboard in Resources */,
			);
			runOnlyForDeploymentPostprocessing = 0;
		};
/* End PBXResourcesBuildPhase section */

/* Begin PBXSourcesBuildPhase section */
		2D632F311C40294C005C6DE1 /* Sources */ = {
			isa = PBXSourcesBuildPhase;
			buildActionMask = 2147483647;
			files = (
				2D5EFA741C4DA76A00B7D22A /* Reachability.swift in Sources */,
				2D632F4B1C4031F6005C6DE1 /* Stories.swift in Sources */,
				2D632F3B1C40294C005C6DE1 /* AllStoriesViewController.swift in Sources */,
				2D59EFE41C4D6B48009A20FF /* SettingsTableViewController.swift in Sources */,
				2DFCD5C91C4CEF23005E9388 /* SwiftRegex.swift in Sources */,
				2D632F391C40294C005C6DE1 /* AppDelegate.swift in Sources */,
				2D632F4F1C40448C005C6DE1 /* ViewStoryViewController.swift in Sources */,
			);
			runOnlyForDeploymentPostprocessing = 0;
		};
/* End PBXSourcesBuildPhase section */

/* Begin PBXTargetDependency section */
		2D2CC93B1C4D45FD00571F5B /* PBXTargetDependency */ = {
			isa = PBXTargetDependency;
			name = "Haneke-iOS";
			targetProxy = 2D2CC93A1C4D45FD00571F5B /* PBXContainerItemProxy */;
		};
/* End PBXTargetDependency section */

/* Begin PBXVariantGroup section */
		2D632F3C1C40294C005C6DE1 /* Main.storyboard */ = {
			isa = PBXVariantGroup;
			children = (
				2D632F3D1C40294C005C6DE1 /* Base */,
			);
			name = Main.storyboard;
			sourceTree = "<group>";
		};
/* End PBXVariantGroup section */

/* Begin XCBuildConfiguration section */
		2D632F451C40294C005C6DE1 /* Debug */ = {
			isa = XCBuildConfiguration;
			buildSettings = {
				ALWAYS_SEARCH_USER_PATHS = NO;
				CLANG_CXX_LANGUAGE_STANDARD = "gnu++0x";
				CLANG_CXX_LIBRARY = "libc++";
				CLANG_ENABLE_MODULES = YES;
				CLANG_ENABLE_OBJC_ARC = YES;
				CLANG_WARN_BOOL_CONVERSION = YES;
				CLANG_WARN_CONSTANT_CONVERSION = YES;
				CLANG_WARN_DIRECT_OBJC_ISA_USAGE = YES_ERROR;
				CLANG_WARN_EMPTY_BODY = YES;
				CLANG_WARN_ENUM_CONVERSION = YES;
				CLANG_WARN_INT_CONVERSION = YES;
				CLANG_WARN_OBJC_ROOT_CLASS = YES_ERROR;
				CLANG_WARN_UNREACHABLE_CODE = YES;
				CLANG_WARN__DUPLICATE_METHOD_MATCH = YES;
				"CODE_SIGN_IDENTITY[sdk=iphoneos*]" = "iPhone Developer";
				COPY_PHASE_STRIP = NO;
				DEBUG_INFORMATION_FORMAT = dwarf;
				ENABLE_STRICT_OBJC_MSGSEND = YES;
				ENABLE_TESTABILITY = YES;
				GCC_C_LANGUAGE_STANDARD = gnu99;
				GCC_DYNAMIC_NO_PIC = NO;
				GCC_NO_COMMON_BLOCKS = YES;
				GCC_OPTIMIZATION_LEVEL = 0;
				GCC_PREPROCESSOR_DEFINITIONS = (
					"DEBUG=1",
					"$(inherited)",
				);
				GCC_WARN_64_TO_32_BIT_CONVERSION = YES;
				GCC_WARN_ABOUT_RETURN_TYPE = YES_ERROR;
				GCC_WARN_UNDECLARED_SELECTOR = YES;
				GCC_WARN_UNINITIALIZED_AUTOS = YES_AGGRESSIVE;
				GCC_WARN_UNUSED_FUNCTION = YES;
				GCC_WARN_UNUSED_VARIABLE = YES;
				IPHONEOS_DEPLOYMENT_TARGET = 9.2;
				MTL_ENABLE_DEBUG_INFO = YES;
				ONLY_ACTIVE_ARCH = YES;
				SDKROOT = iphoneos;
				SWIFT_OPTIMIZATION_LEVEL = "-Onone";
			};
			name = Debug;
		};
		2D632F461C40294C005C6DE1 /* Release */ = {
			isa = XCBuildConfiguration;
			buildSettings = {
				ALWAYS_SEARCH_USER_PATHS = NO;
				CLANG_CXX_LANGUAGE_STANDARD = "gnu++0x";
				CLANG_CXX_LIBRARY = "libc++";
				CLANG_ENABLE_MODULES = YES;
				CLANG_ENABLE_OBJC_ARC = YES;
				CLANG_WARN_BOOL_CONVERSION = YES;
				CLANG_WARN_CONSTANT_CONVERSION = YES;
				CLANG_WARN_DIRECT_OBJC_ISA_USAGE = YES_ERROR;
				CLANG_WARN_EMPTY_BODY = YES;
				CLANG_WARN_ENUM_CONVERSION = YES;
				CLANG_WARN_INT_CONVERSION = YES;
				CLANG_WARN_OBJC_ROOT_CLASS = YES_ERROR;
				CLANG_WARN_UNREACHABLE_CODE = YES;
				CLANG_WARN__DUPLICATE_METHOD_MATCH = YES;
				"CODE_SIGN_IDENTITY[sdk=iphoneos*]" = "iPhone Developer";
				COPY_PHASE_STRIP = NO;
				DEBUG_INFORMATION_FORMAT = "dwarf-with-dsym";
				ENABLE_NS_ASSERTIONS = NO;
				ENABLE_STRICT_OBJC_MSGSEND = YES;
				GCC_C_LANGUAGE_STANDARD = gnu99;
				GCC_NO_COMMON_BLOCKS = YES;
				GCC_WARN_64_TO_32_BIT_CONVERSION = YES;
				GCC_WARN_ABOUT_RETURN_TYPE = YES_ERROR;
				GCC_WARN_UNDECLARED_SELECTOR = YES;
				GCC_WARN_UNINITIALIZED_AUTOS = YES_AGGRESSIVE;
				GCC_WARN_UNUSED_FUNCTION = YES;
				GCC_WARN_UNUSED_VARIABLE = YES;
				IPHONEOS_DEPLOYMENT_TARGET = 9.2;
				MTL_ENABLE_DEBUG_INFO = NO;
				SDKROOT = iphoneos;
				VALIDATE_PRODUCT = YES;
			};
			name = Release;
		};
		2D632F481C40294C005C6DE1 /* Debug */ = {
			isa = XCBuildConfiguration;
			buildSettings = {
				ASSETCATALOG_COMPILER_APPICON_NAME = AppIcon;
				ASSETCATALOG_COMPILER_LAUNCHIMAGE_NAME = LaunchImage;
				CLANG_ENABLE_MODULES = YES;
				CODE_SIGN_IDENTITY = "iPhone Developer";
				"CODE_SIGN_IDENTITY[sdk=iphoneos*]" = "iPhone Developer";
				FRAMEWORK_SEARCH_PATHS = (
					"$(inherited)",
					"$(PROJECT_DIR)",
				);
				INFOPLIST_FILE = EvertonNewsApp/Info.plist;
				LD_RUNPATH_SEARCH_PATHS = "$(inherited) @executable_path/Frameworks";
				PRODUCT_BUNDLE_IDENTIFIER = uk.co.tailoredmarketing.EvertonNewsApp;
				PRODUCT_NAME = "EFC News";
				PROVISIONING_PROFILE = "";
				SWIFT_OBJC_BRIDGING_HEADER = "";
				SWIFT_OPTIMIZATION_LEVEL = "-Onone";
			};
			name = Debug;
		};
		2D632F491C40294C005C6DE1 /* Release */ = {
			isa = XCBuildConfiguration;
			buildSettings = {
				ASSETCATALOG_COMPILER_APPICON_NAME = AppIcon;
				ASSETCATALOG_COMPILER_LAUNCHIMAGE_NAME = LaunchImage;
				CLANG_ENABLE_MODULES = YES;
				CODE_SIGN_IDENTITY = "iPhone Developer";
				"CODE_SIGN_IDENTITY[sdk=iphoneos*]" = "iPhone Developer";
				FRAMEWORK_SEARCH_PATHS = (
					"$(inherited)",
					"$(PROJECT_DIR)",
				);
				INFOPLIST_FILE = EvertonNewsApp/Info.plist;
				LD_RUNPATH_SEARCH_PATHS = "$(inherited) @executable_path/Frameworks";
				PRODUCT_BUNDLE_IDENTIFIER = uk.co.tailoredmarketing.EvertonNewsApp;
				PRODUCT_NAME = "EFC News";
				PROVISIONING_PROFILE = "";
				SWIFT_OBJC_BRIDGING_HEADER = "";
			};
			name = Release;
		};
/* End XCBuildConfiguration section */

/* Begin XCConfigurationList section */
		2D632F301C40294C005C6DE1 /* Build configuration list for PBXProject "EvertonNewsApp" */ = {
			isa = XCConfigurationList;
			buildConfigurations = (
				2D632F451C40294C005C6DE1 /* Debug */,
				2D632F461C40294C005C6DE1 /* Release */,
			);
			defaultConfigurationIsVisible = 0;
			defaultConfigurationName = Release;
		};
		2D632F471C40294C005C6DE1 /* Build configuration list for PBXNativeTarget "EvertonNewsApp" */ = {
			isa = XCConfigurationList;
			buildConfigurations = (
				2D632F481C40294C005C6DE1 /* Debug */,
				2D632F491C40294C005C6DE1 /* Release */,
			);
			defaultConfigurationIsVisible = 0;
			defaultConfigurationName = Release;
		};
/* End XCConfigurationList section */
	};
	rootObject = 2D632F2D1C40294C005C6DE1 /* Project object */;
}
